
Microsoft Visual Studio Solution File, Format Version 12.00
# Visual Studio Version 16
VisualStudioVersion = 16.0.31005.135
MinimumVisualStudioVersion = 10.0.40219.1
Project("{9A19103F-16F7-4668-BE54-9A1E7A4F7556}") = "SIS.HTTP", "SIS.HTTP\SIS.HTTP.csproj", "{28A16479-CDA9-4F28-B394-463F26C7DBE8}"
EndProject
Project("{9A19103F-16F7-4668-BE54-9A1E7A4F7556}") = "SIS.MvcFramework", "SIS.MvcFramewok\SIS.MvcFramework.csproj", "{2573A6E6-DCC3-485F-B3ED-362F77DCC372}"
EndProject
Project("{9A19103F-16F7-4668-BE54-9A1E7A4F7556}") = "DemoApp", "DemoApp\DemoApp.csproj", "{F6698E3F-B0E5-437B-8D63-0895ACF79B26}"
EndProject
Global
	GlobalSection(SolutionConfigurationPlatforms) = preSolution
		Debug|Any CPU = Debug|Any CPU
		Release|Any CPU = Release|Any CPU
	EndGlobalSection
	GlobalSection(ProjectConfigurationPlatforms) = postSolution
		{28A16479-CDA9-4F28-B394-463F26C7DBE8}.Debug|Any CPU.ActiveCfg = Debug|Any CPU
		{28A16479-CDA9-4F28-B394-463F26C7DBE8}.Debug|Any CPU.Build.0 = Debug|Any CPU
		{28A16479-CDA9-4F28-B394-463F26C7DBE8}.Release|Any CPU.ActiveCfg = Release|Any CPU
		{28A16479-CDA9-4F28-B394-463F26C7DBE8}.Release|Any CPU.Build.0 = Release|Any CPU
		{2573A6E6-DCC3-485F-B3ED-362F77DCC372}.Debug|Any CPU.ActiveCfg = Debug|Any CPU
		{2573A6E6-DCC3-485F-B3ED-362F77DCC372}.Debug|Any CPU.Build.0 = Debug|Any CPU
		{2573A6E6-DCC3-485F-B3ED-362F77DCC372}.Release|Any CPU.ActiveCfg = Release|Any CPU
		{2573A6E6-DCC3-485F-B3ED-362F77DCC372}.Release|Any CPU.Build.0 = Release|Any CPU
		{F6698E3F-B0E5-437B-8D63-0895ACF79B26}.Debug|Any CPU.ActiveCfg = Debug|Any CPU
		{F6698E3F-B0E5-437B-8D63-0895ACF79B26}.Debug|Any CPU.Build.0 = Debug|Any CPU
		{F6698E3F-B0E5-437B-8D63-0895ACF79B26}.Release|Any CPU.ActiveCfg = Release|Any CPU
		{F6698E3F-B0E5-437B-8D63-0895ACF79B26}.Release|Any CPU.Build.0 = Release|Any CPU
	EndGlobalSection
	GlobalSection(SolutionProperties) = preSolution
		HideSolutionNode = FALSE
	EndGlobalSection
	GlobalSection(ExtensibilityGlobals) = postSolution
		SolutionGuid = {3773FE14-781F-4880-B982-88A3D090594D}
	EndGlobalSection
EndGlobal
