
Microsoft Visual Studio Solution File, Format Version 12.00
# Visual Studio Version 16
VisualStudioVersion = 16.0.31005.135
MinimumVisualStudioVersion = 10.0.40219.1
Project("{9A19103F-16F7-4668-BE54-9A1E7A4F7556}") = "AspNetAppForTestingRazor", "AspNetAppForTestingRazor\AspNetAppForTestingRazor.csproj", "{3A3F087D-D001-4B8F-9C22-BAEFC157A9F4}"
EndProject
Project("{FAE04EC0-301F-11D3-BF4B-00C04F79EFBC}") = "SandBox", "SandBox\SandBox.csproj", "{9124CC39-D57B-4C90-8E6B-7CA4B0CFC04E}"
EndProject
Global
	GlobalSection(SolutionConfigurationPlatforms) = preSolution
		Debug|Any CPU = Debug|Any CPU
		Release|Any CPU = Release|Any CPU
	EndGlobalSection
	GlobalSection(ProjectConfigurationPlatforms) = postSolution
		{3A3F087D-D001-4B8F-9C22-BAEFC157A9F4}.Debug|Any CPU.ActiveCfg = Debug|Any CPU
		{3A3F087D-D001-4B8F-9C22-BAEFC157A9F4}.Debug|Any CPU.Build.0 = Debug|Any CPU
		{3A3F087D-D001-4B8F-9C22-BAEFC157A9F4}.Release|Any CPU.ActiveCfg = Release|Any CPU
		{3A3F087D-D001-4B8F-9C22-BAEFC157A9F4}.Release|Any CPU.Build.0 = Release|Any CPU
		{9124CC39-D57B-4C90-8E6B-7CA4B0CFC04E}.Debug|Any CPU.ActiveCfg = Debug|Any CPU
		{9124CC39-D57B-4C90-8E6B-7CA4B0CFC04E}.Debug|Any CPU.Build.0 = Debug|Any CPU
		{9124CC39-D57B-4C90-8E6B-7CA4B0CFC04E}.Release|Any CPU.ActiveCfg = Release|Any CPU
		{9124CC39-D57B-4C90-8E6B-7CA4B0CFC04E}.Release|Any CPU.Build.0 = Release|Any CPU
	EndGlobalSection
	GlobalSection(SolutionProperties) = preSolution
		HideSolutionNode = FALSE
	EndGlobalSection
	GlobalSection(ExtensibilityGlobals) = postSolution
		SolutionGuid = {87A6BB10-C7AB-49B3-B4E1-8A4EDF2B38BB}
	EndGlobalSection
EndGlobal
