
Microsoft Visual Studio Solution File, Format Version 12.00
# Visual Studio Version 16
VisualStudioVersion = 16.0.31112.23
MinimumVisualStudioVersion = 10.0.40219.1
Project("{FAE04EC0-301F-11D3-BF4B-00C04F79EFBC}") = "TestApi", "TestApi\TestApi.csproj", "{2BFE646F-C80C-4AFF-8690-B1A5986A98BC}"
EndProject
Global
	GlobalSection(SolutionConfigurationPlatforms) = preSolution
		Debug|Any CPU = Debug|Any CPU
		Release|Any CPU = Release|Any CPU
	EndGlobalSection
	GlobalSection(ProjectConfigurationPlatforms) = postSolution
		{2BFE646F-C80C-4AFF-8690-B1A5986A98BC}.Debug|Any CPU.ActiveCfg = Debug|Any CPU
		{2BFE646F-C80C-4AFF-8690-B1A5986A98BC}.Debug|Any CPU.Build.0 = Debug|Any CPU
		{2BFE646F-C80C-4AFF-8690-B1A5986A98BC}.Release|Any CPU.ActiveCfg = Release|Any CPU
		{2BFE646F-C80C-4AFF-8690-B1A5986A98BC}.Release|Any CPU.Build.0 = Release|Any CPU
	EndGlobalSection
	GlobalSection(SolutionProperties) = preSolution
		HideSolutionNode = FALSE
	EndGlobalSection
	GlobalSection(ExtensibilityGlobals) = postSolution
		SolutionGuid = {50FC708C-0B27-4D40-9E78-B82774EDFCB1}
	EndGlobalSection
EndGlobal
