
Microsoft Visual Studio Solution File, Format Version 12.00
# Visual Studio Version 16
VisualStudioVersion = 16.0.31112.23
MinimumVisualStudioVersion = 10.0.40219.1
Project("{FAE04EC0-301F-11D3-BF4B-00C04F79EFBC}") = "AngularDemo", "AngularDemo\AngularDemo.csproj", "{7DC9EFD1-AC43-4D02-8477-A2F20CA3315E}"
EndProject
Global
	GlobalSection(SolutionConfigurationPlatforms) = preSolution
		Debug|Any CPU = Debug|Any CPU
		Release|Any CPU = Release|Any CPU
	EndGlobalSection
	GlobalSection(ProjectConfigurationPlatforms) = postSolution
		{7DC9EFD1-AC43-4D02-8477-A2F20CA3315E}.Debug|Any CPU.ActiveCfg = Debug|Any CPU
		{7DC9EFD1-AC43-4D02-8477-A2F20CA3315E}.Debug|Any CPU.Build.0 = Debug|Any CPU
		{7DC9EFD1-AC43-4D02-8477-A2F20CA3315E}.Release|Any CPU.ActiveCfg = Release|Any CPU
		{7DC9EFD1-AC43-4D02-8477-A2F20CA3315E}.Release|Any CPU.Build.0 = Release|Any CPU
	EndGlobalSection
	GlobalSection(SolutionProperties) = preSolution
		HideSolutionNode = FALSE
	EndGlobalSection
	GlobalSection(ExtensibilityGlobals) = postSolution
		SolutionGuid = {9A9F8AC7-182A-46AD-8571-87D4636DFEE6}
	EndGlobalSection
EndGlobal
